
Microsoft Visual Studio Solution File, Format Version 12.00
# Visual Studio Version 16
VisualStudioVersion = 16.0.30503.244
MinimumVisualStudioVersion = 10.0.40219.1
Project("{FAE04EC0-301F-11D3-BF4B-00C04F79EFBC}") = "MajorityNumber_FIND", "MajorityNumber_FIND\MajorityNumber_FIND.csproj", "{4144DF1E-6E41-4D00-A981-F83774BC6B5D}"
EndProject
Global
	GlobalSection(SolutionConfigurationPlatforms) = preSolution
		Debug|Any CPU = Debug|Any CPU
		Release|Any CPU = Release|Any CPU
	EndGlobalSection
	GlobalSection(ProjectConfigurationPlatforms) = postSolution
		{4144DF1E-6E41-4D00-A981-F83774BC6B5D}.Debug|Any CPU.ActiveCfg = Debug|Any CPU
		{4144DF1E-6E41-4D00-A981-F83774BC6B5D}.Debug|Any CPU.Build.0 = Debug|Any CPU
		{4144DF1E-6E41-4D00-A981-F83774BC6B5D}.Release|Any CPU.ActiveCfg = Release|Any CPU
		{4144DF1E-6E41-4D00-A981-F83774BC6B5D}.Release|Any CPU.Build.0 = Release|Any CPU
	EndGlobalSection
	GlobalSection(SolutionProperties) = preSolution
		HideSolutionNode = FALSE
	EndGlobalSection
	GlobalSection(ExtensibilityGlobals) = postSolution
		SolutionGuid = {10C8DBCC-FDC4-426A-A78F-40A96E65E476}
	EndGlobalSection
EndGlobal
