
Microsoft Visual Studio Solution File, Format Version 12.00
# Visual Studio Version 16
VisualStudioVersion = 16.0.30503.244
MinimumVisualStudioVersion = 10.0.40219.1
Project("{FAE04EC0-301F-11D3-BF4B-00C04F79EFBC}") = "Programmers_Level2_1", "Programmers_Level2\Programmers_Level2_1.csproj", "{415F4FA4-1AE2-4A43-804F-664015BA1A05}"
EndProject
Global
	GlobalSection(SolutionConfigurationPlatforms) = preSolution
		Debug|Any CPU = Debug|Any CPU
		Release|Any CPU = Release|Any CPU
	EndGlobalSection
	GlobalSection(ProjectConfigurationPlatforms) = postSolution
		{415F4FA4-1AE2-4A43-804F-664015BA1A05}.Debug|Any CPU.ActiveCfg = Debug|Any CPU
		{415F4FA4-1AE2-4A43-804F-664015BA1A05}.Debug|Any CPU.Build.0 = Debug|Any CPU
		{415F4FA4-1AE2-4A43-804F-664015BA1A05}.Release|Any CPU.ActiveCfg = Release|Any CPU
		{415F4FA4-1AE2-4A43-804F-664015BA1A05}.Release|Any CPU.Build.0 = Release|Any CPU
	EndGlobalSection
	GlobalSection(SolutionProperties) = preSolution
		HideSolutionNode = FALSE
	EndGlobalSection
	GlobalSection(ExtensibilityGlobals) = postSolution
		SolutionGuid = {15721150-5018-4887-A9EB-2F3A34A38FF8}
	EndGlobalSection
EndGlobal
